# This file is automatically @generated by Cargo.
# It is not intended for manual editing.
version = 4

[[package]]
name = "sharp"
version = "0.1.0"
dependencies = [
 "sharp-common",
]

[[package]]
name = "sharp-common"
version = "0.1.0"

[[package]]
name = "sharpc"
version = "0.1.0"
dependencies = [
 "sharp-common",
]
